
Microsoft Visual Studio Solution File, Format Version 12.00
# Visual Studio 14
VisualStudioVersion = 14.0.25123.0
MinimumVisualStudioVersion = 10.0.40219.1
Project("{FAE04EC0-301F-11D3-BF4B-00C04F79EFBC}") = "MatterSlice", "MatterSlice.csproj", "{C46CA728-DD2F-4DD1-971A-AAA89D9DFF95}"
EndProject
Project("{FAE04EC0-301F-11D3-BF4B-00C04F79EFBC}") = "clipper_library", "..\agg-sharp\clipper_library\clipper_library.csproj", "{9B062971-A88E-4A3D-B3C9-12B78D15FA66}"
EndProject
Global
	GlobalSection(SolutionConfigurationPlatforms) = preSolution
		Debug|Any CPU = Debug|Any CPU
		Debug|x64 = Debug|x64
		Debug64|Any CPU = Debug64|Any CPU
		Debug64|x64 = Debug64|x64
		Release|Any CPU = Release|Any CPU
		Release|x64 = Release|x64
		Release64|Any CPU = Release64|Any CPU
		Release64|x64 = Release64|x64
	EndGlobalSection
	GlobalSection(ProjectConfigurationPlatforms) = postSolution
		{C46CA728-DD2F-4DD1-971A-AAA89D9DFF95}.Debug|Any CPU.ActiveCfg = Debug|Any CPU
		{C46CA728-DD2F-4DD1-971A-AAA89D9DFF95}.Debug|Any CPU.Build.0 = Debug|Any CPU
		{C46CA728-DD2F-4DD1-971A-AAA89D9DFF95}.Debug|x64.ActiveCfg = Debug|x64
		{C46CA728-DD2F-4DD1-971A-AAA89D9DFF95}.Debug|x64.Build.0 = Debug|x64
		{C46CA728-DD2F-4DD1-971A-AAA89D9DFF95}.Debug64|Any CPU.ActiveCfg = Debug|Any CPU
		{C46CA728-DD2F-4DD1-971A-AAA89D9DFF95}.Debug64|Any CPU.Build.0 = Debug|Any CPU
		{C46CA728-DD2F-4DD1-971A-AAA89D9DFF95}.Debug64|x64.ActiveCfg = Debug|x64
		{C46CA728-DD2F-4DD1-971A-AAA89D9DFF95}.Debug64|x64.Build.0 = Debug|x64
		{C46CA728-DD2F-4DD1-971A-AAA89D9DFF95}.Release|Any CPU.ActiveCfg = Release|Any CPU
		{C46CA728-DD2F-4DD1-971A-AAA89D9DFF95}.Release|Any CPU.Build.0 = Release|Any CPU
		{C46CA728-DD2F-4DD1-971A-AAA89D9DFF95}.Release|x64.ActiveCfg = Release|x64
		{C46CA728-DD2F-4DD1-971A-AAA89D9DFF95}.Release|x64.Build.0 = Release|x64
		{C46CA728-DD2F-4DD1-971A-AAA89D9DFF95}.Release64|Any CPU.ActiveCfg = Release64|Any CPU
		{C46CA728-DD2F-4DD1-971A-AAA89D9DFF95}.Release64|Any CPU.Build.0 = Release64|Any CPU
		{C46CA728-DD2F-4DD1-971A-AAA89D9DFF95}.Release64|x64.ActiveCfg = Release64|x64
		{C46CA728-DD2F-4DD1-971A-AAA89D9DFF95}.Release64|x64.Build.0 = Release64|x64
		{9B062971-A88E-4A3D-B3C9-12B78D15FA66}.Debug|Any CPU.ActiveCfg = Debug|Any CPU
		{9B062971-A88E-4A3D-B3C9-12B78D15FA66}.Debug|Any CPU.Build.0 = Debug|Any CPU
		{9B062971-A88E-4A3D-B3C9-12B78D15FA66}.Debug|x64.ActiveCfg = Debug|x64
		{9B062971-A88E-4A3D-B3C9-12B78D15FA66}.Debug|x64.Build.0 = Debug|x64
		{9B062971-A88E-4A3D-B3C9-12B78D15FA66}.Debug64|Any CPU.ActiveCfg = Debug64|Any CPU
		{9B062971-A88E-4A3D-B3C9-12B78D15FA66}.Debug64|Any CPU.Build.0 = Debug64|Any CPU
		{9B062971-A88E-4A3D-B3C9-12B78D15FA66}.Debug64|x64.ActiveCfg = Debug64|x64
		{9B062971-A88E-4A3D-B3C9-12B78D15FA66}.Debug64|x64.Build.0 = Debug64|x64
		{9B062971-A88E-4A3D-B3C9-12B78D15FA66}.Release|Any CPU.ActiveCfg = Release|Any CPU
		{9B062971-A88E-4A3D-B3C9-12B78D15FA66}.Release|Any CPU.Build.0 = Release|Any CPU
		{9B062971-A88E-4A3D-B3C9-12B78D15FA66}.Release|x64.ActiveCfg = Release|x64
		{9B062971-A88E-4A3D-B3C9-12B78D15FA66}.Release|x64.Build.0 = Release|x64
		{9B062971-A88E-4A3D-B3C9-12B78D15FA66}.Release64|Any CPU.ActiveCfg = Release64|Any CPU
		{9B062971-A88E-4A3D-B3C9-12B78D15FA66}.Release64|Any CPU.Build.0 = Release64|Any CPU
		{9B062971-A88E-4A3D-B3C9-12B78D15FA66}.Release64|x64.ActiveCfg = Release64|x64
		{9B062971-A88E-4A3D-B3C9-12B78D15FA66}.Release64|x64.Build.0 = Release64|x64
	EndGlobalSection
	GlobalSection(SolutionProperties) = preSolution
		HideSolutionNode = FALSE
	EndGlobalSection
	GlobalSection(MonoDevelopProperties) = preSolution
		StartupItem = MatterSlice.csproj
	EndGlobalSection
EndGlobal
