
Microsoft Visual Studio Solution File, Format Version 12.00
# Visual Studio 15
VisualStudioVersion = 15.0.28010.2016
MinimumVisualStudioVersion = 10.0.40219.1
Project("{FAE04EC0-301F-11D3-BF4B-00C04F79EFBC}") = "MatterSlice", "MatterSlice.csproj", "{C46CA728-DD2F-4DD1-971A-AAA89D9DFF95}"
EndProject
Project("{FAE04EC0-301F-11D3-BF4B-00C04F79EFBC}") = "MatterSlice.Tests", "Tests\MatterSlice.Tests\MatterSlice.Tests.csproj", "{8CD15B23-D30F-470E-99BA-9276FB7CABD4}"
EndProject
Project("{FAE04EC0-301F-11D3-BF4B-00C04F79EFBC}") = "QuadTree", "QuadTree\QuadTree.csproj", "{23EC3364-7C93-4169-9AB2-7181C66004C0}"
EndProject
Project("{FAE04EC0-301F-11D3-BF4B-00C04F79EFBC}") = "Pathfinding", "Pathfinding\Pathfinding.csproj", "{8CB3464F-6130-4EDB-8DC6-CCD2697FAFBB}"
EndProject
Project("{FAE04EC0-301F-11D3-BF4B-00C04F79EFBC}") = "MSClipperLib", "MSClipperLib\MSClipperLib.csproj", "{2C564BE1-352D-4DDB-8226-F0981F983C60}"
EndProject
Project("{9A19103F-16F7-4668-BE54-9A1E7A4F7556}") = "Agg", "..\agg-sharp\agg\Agg.csproj", "{A010B27A-68F7-421E-ABE2-F81FA19166C4}"
EndProject
Project("{9A19103F-16F7-4668-BE54-9A1E7A4F7556}") = "Typography.OpenFont", "..\agg-sharp\Typography.OpenFont\Typography.OpenFont.csproj", "{1AC4CE0A-15AA-4264-A574-20DAC9C6BEAA}"
EndProject
Project("{9A19103F-16F7-4668-BE54-9A1E7A4F7556}") = "Typography.GlyphLayout", "..\agg-sharp\Typography.GlyphLayout\Typography.GlyphLayout.csproj", "{2E8DC700-8D46-4B37-9121-B52E2DC9CD69}"
EndProject
Project("{9A19103F-16F7-4668-BE54-9A1E7A4F7556}") = "VectorMath", "..\agg-sharp\VectorMath\VectorMath.csproj", "{FB8F4604-4604-4E73-8325-2CAEE3441DCB}"
EndProject
Project("{9A19103F-16F7-4668-BE54-9A1E7A4F7556}") = "ImageProcessing", "..\agg-sharp\ImageProcessing\ImageProcessing.csproj", "{C76A51AE-CB07-486B-9AF7-2A7628BC1587}"
EndProject
Project("{2150E333-8FDC-42A3-9474-1A3956D46DE8}") = "agg-sharp", "agg-sharp", "{E72B2FD4-AF23-435B-B4E7-C7DDE1E7D761}"
EndProject
Global
	GlobalSection(SolutionConfigurationPlatforms) = preSolution
		Debug|Any CPU = Debug|Any CPU
		Debug|x64 = Debug|x64
		Release|Any CPU = Release|Any CPU
		Release|x64 = Release|x64
	EndGlobalSection
	GlobalSection(ProjectConfigurationPlatforms) = postSolution
		{C46CA728-DD2F-4DD1-971A-AAA89D9DFF95}.Debug|Any CPU.ActiveCfg = Debug|Any CPU
		{C46CA728-DD2F-4DD1-971A-AAA89D9DFF95}.Debug|Any CPU.Build.0 = Debug|Any CPU
		{C46CA728-DD2F-4DD1-971A-AAA89D9DFF95}.Debug|x64.ActiveCfg = Debug|Any CPU
		{C46CA728-DD2F-4DD1-971A-AAA89D9DFF95}.Debug|x64.Build.0 = Debug|Any CPU
		{C46CA728-DD2F-4DD1-971A-AAA89D9DFF95}.Release|Any CPU.ActiveCfg = Release|Any CPU
		{C46CA728-DD2F-4DD1-971A-AAA89D9DFF95}.Release|Any CPU.Build.0 = Release|Any CPU
		{C46CA728-DD2F-4DD1-971A-AAA89D9DFF95}.Release|x64.ActiveCfg = Release|Any CPU
		{C46CA728-DD2F-4DD1-971A-AAA89D9DFF95}.Release|x64.Build.0 = Release|Any CPU
		{8CD15B23-D30F-470E-99BA-9276FB7CABD4}.Debug|Any CPU.ActiveCfg = Debug|Any CPU
		{8CD15B23-D30F-470E-99BA-9276FB7CABD4}.Debug|Any CPU.Build.0 = Debug|Any CPU
		{8CD15B23-D30F-470E-99BA-9276FB7CABD4}.Debug|x64.ActiveCfg = Debug|Any CPU
		{8CD15B23-D30F-470E-99BA-9276FB7CABD4}.Debug|x64.Build.0 = Debug|Any CPU
		{8CD15B23-D30F-470E-99BA-9276FB7CABD4}.Release|Any CPU.ActiveCfg = Release|Any CPU
		{8CD15B23-D30F-470E-99BA-9276FB7CABD4}.Release|Any CPU.Build.0 = Release|Any CPU
		{8CD15B23-D30F-470E-99BA-9276FB7CABD4}.Release|x64.ActiveCfg = Release|Any CPU
		{8CD15B23-D30F-470E-99BA-9276FB7CABD4}.Release|x64.Build.0 = Release|Any CPU
		{23EC3364-7C93-4169-9AB2-7181C66004C0}.Debug|Any CPU.ActiveCfg = Debug|Any CPU
		{23EC3364-7C93-4169-9AB2-7181C66004C0}.Debug|Any CPU.Build.0 = Debug|Any CPU
		{23EC3364-7C93-4169-9AB2-7181C66004C0}.Debug|x64.ActiveCfg = Debug|Any CPU
		{23EC3364-7C93-4169-9AB2-7181C66004C0}.Debug|x64.Build.0 = Debug|Any CPU
		{23EC3364-7C93-4169-9AB2-7181C66004C0}.Release|Any CPU.ActiveCfg = Release|Any CPU
		{23EC3364-7C93-4169-9AB2-7181C66004C0}.Release|Any CPU.Build.0 = Release|Any CPU
		{23EC3364-7C93-4169-9AB2-7181C66004C0}.Release|x64.ActiveCfg = Release|Any CPU
		{23EC3364-7C93-4169-9AB2-7181C66004C0}.Release|x64.Build.0 = Release|Any CPU
		{8CB3464F-6130-4EDB-8DC6-CCD2697FAFBB}.Debug|Any CPU.ActiveCfg = Debug|Any CPU
		{8CB3464F-6130-4EDB-8DC6-CCD2697FAFBB}.Debug|Any CPU.Build.0 = Debug|Any CPU
		{8CB3464F-6130-4EDB-8DC6-CCD2697FAFBB}.Debug|x64.ActiveCfg = Debug|Any CPU
		{8CB3464F-6130-4EDB-8DC6-CCD2697FAFBB}.Debug|x64.Build.0 = Debug|Any CPU
		{8CB3464F-6130-4EDB-8DC6-CCD2697FAFBB}.Release|Any CPU.ActiveCfg = Release|Any CPU
		{8CB3464F-6130-4EDB-8DC6-CCD2697FAFBB}.Release|Any CPU.Build.0 = Release|Any CPU
		{8CB3464F-6130-4EDB-8DC6-CCD2697FAFBB}.Release|x64.ActiveCfg = Release|Any CPU
		{8CB3464F-6130-4EDB-8DC6-CCD2697FAFBB}.Release|x64.Build.0 = Release|Any CPU
		{2C564BE1-352D-4DDB-8226-F0981F983C60}.Debug|Any CPU.ActiveCfg = Debug|Any CPU
		{2C564BE1-352D-4DDB-8226-F0981F983C60}.Debug|Any CPU.Build.0 = Debug|Any CPU
		{2C564BE1-352D-4DDB-8226-F0981F983C60}.Debug|x64.ActiveCfg = Debug|Any CPU
		{2C564BE1-352D-4DDB-8226-F0981F983C60}.Debug|x64.Build.0 = Debug|Any CPU
		{2C564BE1-352D-4DDB-8226-F0981F983C60}.Release|Any CPU.ActiveCfg = Release|Any CPU
		{2C564BE1-352D-4DDB-8226-F0981F983C60}.Release|Any CPU.Build.0 = Release|Any CPU
		{2C564BE1-352D-4DDB-8226-F0981F983C60}.Release|x64.ActiveCfg = Release|Any CPU
		{2C564BE1-352D-4DDB-8226-F0981F983C60}.Release|x64.Build.0 = Release|Any CPU
		{A010B27A-68F7-421E-ABE2-F81FA19166C4}.Debug|Any CPU.ActiveCfg = Debug|Any CPU
		{A010B27A-68F7-421E-ABE2-F81FA19166C4}.Debug|Any CPU.Build.0 = Debug|Any CPU
		{A010B27A-68F7-421E-ABE2-F81FA19166C4}.Debug|x64.ActiveCfg = Debug|Any CPU
		{A010B27A-68F7-421E-ABE2-F81FA19166C4}.Debug|x64.Build.0 = Debug|Any CPU
		{A010B27A-68F7-421E-ABE2-F81FA19166C4}.Release|Any CPU.ActiveCfg = Release|Any CPU
		{A010B27A-68F7-421E-ABE2-F81FA19166C4}.Release|Any CPU.Build.0 = Release|Any CPU
		{A010B27A-68F7-421E-ABE2-F81FA19166C4}.Release|x64.ActiveCfg = Release|Any CPU
		{A010B27A-68F7-421E-ABE2-F81FA19166C4}.Release|x64.Build.0 = Release|Any CPU
		{1AC4CE0A-15AA-4264-A574-20DAC9C6BEAA}.Debug|Any CPU.ActiveCfg = Debug|Any CPU
		{1AC4CE0A-15AA-4264-A574-20DAC9C6BEAA}.Debug|Any CPU.Build.0 = Debug|Any CPU
		{1AC4CE0A-15AA-4264-A574-20DAC9C6BEAA}.Debug|x64.ActiveCfg = Debug|Any CPU
		{1AC4CE0A-15AA-4264-A574-20DAC9C6BEAA}.Debug|x64.Build.0 = Debug|Any CPU
		{1AC4CE0A-15AA-4264-A574-20DAC9C6BEAA}.Release|Any CPU.ActiveCfg = Release|Any CPU
		{1AC4CE0A-15AA-4264-A574-20DAC9C6BEAA}.Release|Any CPU.Build.0 = Release|Any CPU
		{1AC4CE0A-15AA-4264-A574-20DAC9C6BEAA}.Release|x64.ActiveCfg = Release|Any CPU
		{1AC4CE0A-15AA-4264-A574-20DAC9C6BEAA}.Release|x64.Build.0 = Release|Any CPU
		{2E8DC700-8D46-4B37-9121-B52E2DC9CD69}.Debug|Any CPU.ActiveCfg = Debug|Any CPU
		{2E8DC700-8D46-4B37-9121-B52E2DC9CD69}.Debug|Any CPU.Build.0 = Debug|Any CPU
		{2E8DC700-8D46-4B37-9121-B52E2DC9CD69}.Debug|x64.ActiveCfg = Debug|Any CPU
		{2E8DC700-8D46-4B37-9121-B52E2DC9CD69}.Debug|x64.Build.0 = Debug|Any CPU
		{2E8DC700-8D46-4B37-9121-B52E2DC9CD69}.Release|Any CPU.ActiveCfg = Release|Any CPU
		{2E8DC700-8D46-4B37-9121-B52E2DC9CD69}.Release|Any CPU.Build.0 = Release|Any CPU
		{2E8DC700-8D46-4B37-9121-B52E2DC9CD69}.Release|x64.ActiveCfg = Release|Any CPU
		{2E8DC700-8D46-4B37-9121-B52E2DC9CD69}.Release|x64.Build.0 = Release|Any CPU
		{FB8F4604-4604-4E73-8325-2CAEE3441DCB}.Debug|Any CPU.ActiveCfg = Debug|Any CPU
		{FB8F4604-4604-4E73-8325-2CAEE3441DCB}.Debug|Any CPU.Build.0 = Debug|Any CPU
		{FB8F4604-4604-4E73-8325-2CAEE3441DCB}.Debug|x64.ActiveCfg = Debug|Any CPU
		{FB8F4604-4604-4E73-8325-2CAEE3441DCB}.Debug|x64.Build.0 = Debug|Any CPU
		{FB8F4604-4604-4E73-8325-2CAEE3441DCB}.Release|Any CPU.ActiveCfg = Release|Any CPU
		{FB8F4604-4604-4E73-8325-2CAEE3441DCB}.Release|Any CPU.Build.0 = Release|Any CPU
		{FB8F4604-4604-4E73-8325-2CAEE3441DCB}.Release|x64.ActiveCfg = Release|Any CPU
		{FB8F4604-4604-4E73-8325-2CAEE3441DCB}.Release|x64.Build.0 = Release|Any CPU
		{C76A51AE-CB07-486B-9AF7-2A7628BC1587}.Debug|Any CPU.ActiveCfg = Debug|Any CPU
		{C76A51AE-CB07-486B-9AF7-2A7628BC1587}.Debug|Any CPU.Build.0 = Debug|Any CPU
		{C76A51AE-CB07-486B-9AF7-2A7628BC1587}.Debug|x64.ActiveCfg = Debug|Any CPU
		{C76A51AE-CB07-486B-9AF7-2A7628BC1587}.Debug|x64.Build.0 = Debug|Any CPU
		{C76A51AE-CB07-486B-9AF7-2A7628BC1587}.Release|Any CPU.ActiveCfg = Release|Any CPU
		{C76A51AE-CB07-486B-9AF7-2A7628BC1587}.Release|Any CPU.Build.0 = Release|Any CPU
		{C76A51AE-CB07-486B-9AF7-2A7628BC1587}.Release|x64.ActiveCfg = Release|Any CPU
		{C76A51AE-CB07-486B-9AF7-2A7628BC1587}.Release|x64.Build.0 = Release|Any CPU
	EndGlobalSection
	GlobalSection(SolutionProperties) = preSolution
		HideSolutionNode = FALSE
	EndGlobalSection
	GlobalSection(NestedProjects) = preSolution
		{A010B27A-68F7-421E-ABE2-F81FA19166C4} = {E72B2FD4-AF23-435B-B4E7-C7DDE1E7D761}
		{1AC4CE0A-15AA-4264-A574-20DAC9C6BEAA} = {E72B2FD4-AF23-435B-B4E7-C7DDE1E7D761}
		{2E8DC700-8D46-4B37-9121-B52E2DC9CD69} = {E72B2FD4-AF23-435B-B4E7-C7DDE1E7D761}
		{FB8F4604-4604-4E73-8325-2CAEE3441DCB} = {E72B2FD4-AF23-435B-B4E7-C7DDE1E7D761}
		{C76A51AE-CB07-486B-9AF7-2A7628BC1587} = {E72B2FD4-AF23-435B-B4E7-C7DDE1E7D761}
	EndGlobalSection
	GlobalSection(ExtensibilityGlobals) = postSolution
		SolutionGuid = {9705340F-54DD-4DDA-BC83-B9EE3EA6F9BD}
	EndGlobalSection
	GlobalSection(MonoDevelopProperties) = preSolution
		StartupItem = MatterSlice.csproj
	EndGlobalSection
EndGlobal
